# This file is autogenerated, do not edit; changes may be undone by the next 'dep ensure'.


[[projects]]
  branch = "master"
  digest = "1:0e5b66364c5559101d270c0ed5f0196ca6ce910cf89247b9315c6305f15f29d5"
  name = "github.com/Pallinder/go-randomdata"
  packages = ["."]
  pruneopts = "UT"
  revision = "15df0648130a623e418886f81b2aaecd0a00547b"

[[projects]]
  branch = "master"
  digest = "1:e4fd8a4041e47ec6cb6c38ad4baf4f1f37278c7ba23625905147a5823885787a"
  name = "github.com/auth0/go-jwt-middleware"
  packages = ["."]
  pruneopts = "UT"
  revision = "5493cabe49f7bfa6e2ec444a09d334d90cd4e2bd"

[[projects]]
  digest = "1:b06d27db2f87588507f245345f329b4192809e72ab32385a26a6eb25988eb82e"
  name = "github.com/corpix/uarand"
  packages = ["."]
  pruneopts = "UT"
  revision = "031be390f409fb4bac8fb299e3bcd101479f89f8"

[[projects]]
  digest = "1:76dc72490af7174349349838f2fe118996381b31ea83243812a97e5a0fd5ed55"
  name = "github.com/dgrijalva/jwt-go"
  packages = ["."]
  pruneopts = "UT"
  revision = "06ea1031745cb8b3dab3f6a236daf2b0aa468b7e"
  version = "v3.2.0"

[[projects]]
  digest = "1:c79fb010be38a59d657c48c6ba1d003a8aa651fa56b579d959d74573b7dff8e1"
  name = "github.com/gorilla/context"
  packages = ["."]
  pruneopts = "UT"
  revision = "08b5f424b9271eedf6f9f0ce86cb9396ed337a42"
  version = "v1.1.1"

[[projects]]
  digest = "1:e73f5b0152105f18bc131fba127d9949305c8693f8a762588a82a48f61756f5f"
  name = "github.com/gorilla/mux"
  packages = ["."]
  pruneopts = "UT"
  revision = "e3702bed27f0d39777b0b37b664b6280e8ef8fbf"
  version = "v1.6.2"

[[projects]]
  branch = "master"
  digest = "1:22725c01ecd8ed0c0f0078944305a57053340d92878b02db925c660cc4accf64"
  name = "github.com/icrowley/fake"
  packages = ["."]
  pruneopts = "UT"
  revision = "4178557ae428460c3780a381c824a1f3aceb6325"

[[projects]]
  digest = "1:70e697d67ccaec45e16bac3a32380ebcd9e7e071079c60d0171d42cf1cf9748a"
  name = "github.com/joho/godotenv"
  packages = ["."]
  pruneopts = "UT"
  revision = "a79fa1e548e2c689c241d10173efd51e5d689d5b"
  version = "v1.2.0"

[[projects]]
  branch = "master"
  digest = "1:6866fc4160284073ee63525fc9e2cdef043a26892574340f71b4add734232853"
  name = "github.com/lib/pq"
  packages = [
    ".",
    "oid",
  ]
  pruneopts = "UT"
  revision = "90697d60dd844d5ef6ff15135d0203f65d2f53b8"

[[projects]]
  digest = "1:606d068450c82b9ddaa21de992f73563754077f0f411235cdfe71d0903a268c3"
  name = "github.com/urfave/negroni"
  packages = ["."]
  pruneopts = "UT"
  revision = "5dbbc83f748fc3ad38585842b0aedab546d0ea1e"
  version = "v0.3.0"

[[projects]]
  branch = "master"
  digest = "1:866e7e1c540791df6b277bbfc496e27fa6c8c55e60b159c8b9787b3487af98b2"
  name = "golang.org/x/crypto"
  packages = [
    "bcrypt",
    "blowfish",
  ]
  pruneopts = "UT"
  revision = "a2144134853fc9a27a7b1e3eb4f19f1a76df13c9"

[[projects]]
  digest = "1:ab5ec18a6dd8baf5a4c2746b54c34bf2b744a8757e41dda7aabeee343f98b89e"
  name = "upper.io/db.v3"
  packages = [
    ".",
    "internal/cache",
    "internal/cache/hashstructure",
    "internal/immutable",
    "internal/sqladapter",
    "internal/sqladapter/compat",
    "internal/sqladapter/exql",
    "lib/reflectx",
    "lib/sqlbuilder",
    "postgresql",
  ]
  pruneopts = "UT"
  revision = "d90922beee6de3f39c93ed677f6da82565d07154"
  version = "v3.5.3"

[solve-meta]
  analyzer-name = "dep"
  analyzer-version = 1
  input-imports = [
    "github.com/Pallinder/go-randomdata",
    "github.com/auth0/go-jwt-middleware",
    "github.com/dgrijalva/jwt-go",
    "github.com/gorilla/mux",
    "github.com/icrowley/fake",
    "github.com/joho/godotenv",
    "github.com/lib/pq",
    "github.com/urfave/negroni",
    "golang.org/x/crypto/bcrypt",
    "upper.io/db.v3",
    "upper.io/db.v3/postgresql",
  ]
  solver-name = "gps-cdcl"
  solver-version = 1
